
Microsoft Visual Studio Solution File, Format Version 12.00
Project("{FAE04EC0-301F-11D3-BF4B-00C04F79EFBC}") = "AssetManagement.Test", "AssetManagement.Test\AssetManagement.Test.csproj", "{53477C2A-7702-4E77-8FDD-CA686E872803}"
EndProject
Project("{FAE04EC0-301F-11D3-BF4B-00C04F79EFBC}") = "AssetManagement", "AssetManagement\AssetManagement.csproj", "{24ACA273-CADB-4C06-B016-55B7237FC5B3}"
EndProject
Global
	GlobalSection(SolutionConfigurationPlatforms) = preSolution
		Debug|Any CPU = Debug|Any CPU
		Release|Any CPU = Release|Any CPU
	EndGlobalSection
	GlobalSection(ProjectConfigurationPlatforms) = postSolution
		{53477C2A-7702-4E77-8FDD-CA686E872803}.Debug|Any CPU.ActiveCfg = Debug|Any CPU
		{53477C2A-7702-4E77-8FDD-CA686E872803}.Debug|Any CPU.Build.0 = Debug|Any CPU
		{53477C2A-7702-4E77-8FDD-CA686E872803}.Release|Any CPU.ActiveCfg = Release|Any CPU
		{53477C2A-7702-4E77-8FDD-CA686E872803}.Release|Any CPU.Build.0 = Release|Any CPU
		{24ACA273-CADB-4C06-B016-55B7237FC5B3}.Debug|Any CPU.ActiveCfg = Debug|Any CPU
		{24ACA273-CADB-4C06-B016-55B7237FC5B3}.Debug|Any CPU.Build.0 = Debug|Any CPU
		{24ACA273-CADB-4C06-B016-55B7237FC5B3}.Release|Any CPU.ActiveCfg = Release|Any CPU
		{24ACA273-CADB-4C06-B016-55B7237FC5B3}.Release|Any CPU.Build.0 = Release|Any CPU
	EndGlobalSection
EndGlobal
